
Microsoft Visual Studio Solution File, Format Version 12.00
# Visual Studio Version 17
VisualStudioVersion = 17.3.32825.248
MinimumVisualStudioVersion = 10.0.40219.1
Project("{9A19103F-16F7-4668-BE54-9A1E7A4F7556}") = "DevFreela.API", "DevFreela.API\DevFreela.API.csproj", "{21943FDA-F5E8-47A7-91ED-BB100412E44B}"
EndProject
Project("{9A19103F-16F7-4668-BE54-9A1E7A4F7556}") = "DevFreela.Core", "DevFreela.Core\DevFreela.Core.csproj", "{809C7DE0-A63E-4386-B1F9-72DC2B2B2951}"
EndProject
Project("{9A19103F-16F7-4668-BE54-9A1E7A4F7556}") = "DevFreela.Infrastructure", "DevFreela.Infrastructure\DevFreela.Infrastructure.csproj", "{4225561C-FB60-4AB2-9309-4CE37E935CA3}"
EndProject
Project("{9A19103F-16F7-4668-BE54-9A1E7A4F7556}") = "DevFreela.Application", "DevFreela.Application\DevFreela.Application.csproj", "{BEE3B5D2-EA09-48BB-AB4D-196AFA34BC73}"
EndProject
Project("{FAE04EC0-301F-11D3-BF4B-00C04F79EFBC}") = "DevFreela.UnitTests", "DevFreela.UnitTests\DevFreela.UnitTests.csproj", "{665175C6-EA83-4D1F-A030-95F4A301CB11}"
EndProject
Global
	GlobalSection(SolutionConfigurationPlatforms) = preSolution
		Debug|Any CPU = Debug|Any CPU
		Release|Any CPU = Release|Any CPU
	EndGlobalSection
	GlobalSection(ProjectConfigurationPlatforms) = postSolution
		{21943FDA-F5E8-47A7-91ED-BB100412E44B}.Debug|Any CPU.ActiveCfg = Debug|Any CPU
		{21943FDA-F5E8-47A7-91ED-BB100412E44B}.Debug|Any CPU.Build.0 = Debug|Any CPU
		{21943FDA-F5E8-47A7-91ED-BB100412E44B}.Release|Any CPU.ActiveCfg = Release|Any CPU
		{21943FDA-F5E8-47A7-91ED-BB100412E44B}.Release|Any CPU.Build.0 = Release|Any CPU
		{809C7DE0-A63E-4386-B1F9-72DC2B2B2951}.Debug|Any CPU.ActiveCfg = Debug|Any CPU
		{809C7DE0-A63E-4386-B1F9-72DC2B2B2951}.Debug|Any CPU.Build.0 = Debug|Any CPU
		{809C7DE0-A63E-4386-B1F9-72DC2B2B2951}.Release|Any CPU.ActiveCfg = Release|Any CPU
		{809C7DE0-A63E-4386-B1F9-72DC2B2B2951}.Release|Any CPU.Build.0 = Release|Any CPU
		{4225561C-FB60-4AB2-9309-4CE37E935CA3}.Debug|Any CPU.ActiveCfg = Debug|Any CPU
		{4225561C-FB60-4AB2-9309-4CE37E935CA3}.Debug|Any CPU.Build.0 = Debug|Any CPU
		{4225561C-FB60-4AB2-9309-4CE37E935CA3}.Release|Any CPU.ActiveCfg = Release|Any CPU
		{4225561C-FB60-4AB2-9309-4CE37E935CA3}.Release|Any CPU.Build.0 = Release|Any CPU
		{BEE3B5D2-EA09-48BB-AB4D-196AFA34BC73}.Debug|Any CPU.ActiveCfg = Debug|Any CPU
		{BEE3B5D2-EA09-48BB-AB4D-196AFA34BC73}.Debug|Any CPU.Build.0 = Debug|Any CPU
		{BEE3B5D2-EA09-48BB-AB4D-196AFA34BC73}.Release|Any CPU.ActiveCfg = Release|Any CPU
		{BEE3B5D2-EA09-48BB-AB4D-196AFA34BC73}.Release|Any CPU.Build.0 = Release|Any CPU
		{665175C6-EA83-4D1F-A030-95F4A301CB11}.Debug|Any CPU.ActiveCfg = Debug|Any CPU
		{665175C6-EA83-4D1F-A030-95F4A301CB11}.Debug|Any CPU.Build.0 = Debug|Any CPU
		{665175C6-EA83-4D1F-A030-95F4A301CB11}.Release|Any CPU.ActiveCfg = Release|Any CPU
		{665175C6-EA83-4D1F-A030-95F4A301CB11}.Release|Any CPU.Build.0 = Release|Any CPU
	EndGlobalSection
	GlobalSection(SolutionProperties) = preSolution
		HideSolutionNode = FALSE
	EndGlobalSection
	GlobalSection(ExtensibilityGlobals) = postSolution
		SolutionGuid = {94256588-D021-48A4-BA5E-BD8626BF408B}
	EndGlobalSection
EndGlobal
